
Microsoft Visual Studio Solution File, Format Version 12.00
# Visual Studio Version 17
VisualStudioVersion = 17.4.33213.308
MinimumVisualStudioVersion = 10.0.40219.1
Project("{FAE04EC0-301F-11D3-BF4B-00C04F79EFBC}") = "Calculator", "Calculator.csproj", "{9D536417-4130-40EF-9B71-DDEC959D1752}"
EndProject
Global
	GlobalSection(SolutionConfigurationPlatforms) = preSolution
		Debug|Any CPU = Debug|Any CPU
		Release|Any CPU = Release|Any CPU
	EndGlobalSection
	GlobalSection(ProjectConfigurationPlatforms) = postSolution
		{9D536417-4130-40EF-9B71-DDEC959D1752}.Debug|Any CPU.ActiveCfg = Debug|Any CPU
		{9D536417-4130-40EF-9B71-DDEC959D1752}.Debug|Any CPU.Build.0 = Debug|Any CPU
		{9D536417-4130-40EF-9B71-DDEC959D1752}.Release|Any CPU.ActiveCfg = Release|Any CPU
		{9D536417-4130-40EF-9B71-DDEC959D1752}.Release|Any CPU.Build.0 = Release|Any CPU
	EndGlobalSection
	GlobalSection(SolutionProperties) = preSolution
		HideSolutionNode = FALSE
	EndGlobalSection
	GlobalSection(ExtensibilityGlobals) = postSolution
		SolutionGuid = {98FCA1AE-E282-48E6-AB1D-3C09A4AA11CD}
	EndGlobalSection
EndGlobal
