
Microsoft Visual Studio Solution File, Format Version 12.00
# Visual Studio Version 17
VisualStudioVersion = 17.5.33627.172
MinimumVisualStudioVersion = 10.0.40219.1
Project("{FAE04EC0-301F-11D3-BF4B-00C04F79EFBC}") = "MyCalculator", "MyCalculator.csproj", "{D707D9E4-400B-4885-BBC6-550F108F18F2}"
EndProject
Global
	GlobalSection(SolutionConfigurationPlatforms) = preSolution
		Debug|Any CPU = Debug|Any CPU
		Release|Any CPU = Release|Any CPU
	EndGlobalSection
	GlobalSection(ProjectConfigurationPlatforms) = postSolution
		{D707D9E4-400B-4885-BBC6-550F108F18F2}.Debug|Any CPU.ActiveCfg = Debug|Any CPU
		{D707D9E4-400B-4885-BBC6-550F108F18F2}.Debug|Any CPU.Build.0 = Debug|Any CPU
		{D707D9E4-400B-4885-BBC6-550F108F18F2}.Release|Any CPU.ActiveCfg = Release|Any CPU
		{D707D9E4-400B-4885-BBC6-550F108F18F2}.Release|Any CPU.Build.0 = Release|Any CPU
	EndGlobalSection
	GlobalSection(SolutionProperties) = preSolution
		HideSolutionNode = FALSE
	EndGlobalSection
	GlobalSection(ExtensibilityGlobals) = postSolution
		SolutionGuid = {96F05244-0E76-47D7-A29A-925A340765FD}
	EndGlobalSection
EndGlobal
